<?xml version="1.0" encoding="utf-8"?>
<Project ToolsVersion="4.0" xmlns="http://schemas.microsoft.com/developer/msbuild/2003">
  <ItemGroup>
    <Filter Include="Source Files">
      <UniqueIdentifier>{4FC737F1-C7A5-4376-A066-2A32D752A2FF}</UniqueIdentifier>
      <Extensions>cpp;c;cc;cxx;def;odl;idl;hpj;bat;asm;asmx</Extensions>
    </Filter>
    <Filter Include="Header Files">
      <UniqueIdentifier>{93995380-89BD-4b04-88EB-625FBE52EBFB}</UniqueIdentifier>
      <Extensions>h;hh;hpp;hxx;hm;inl;inc;xsd</Extensions>
    </Filter>
    <Filter Include="Resource Files">
      <UniqueIdentifier>{67DA6AB6-F800-4c08-8B7A-83BB121AAD01}</UniqueIdentifier>
      <Extensions>rc;ico;cur;bmp;dlg;rc2;rct;bin;rgs;gif;jpg;jpeg;jpe;resx;tiff;tif;png;wav;mfcribbon-ms</Extensions>
    </Filter>
  </ItemGroup>
  <ItemGroup>
    <ClInclude Include="stdafx.h">
      <Filter>Header Files</Filter>
    </ClInclude>
    <ClInclude Include="fx\adaptermode.h">
      <Filter>Header Files</Filter>
    </ClInclude>
    <ClInclude Include="fx\contextoptions.h">
      <Filter>Header Files</Filter>
    </ClInclude>
    <ClInclude Include="fx\adapterinfo.h">
      <Filter>Header Files</Filter>
    </ClInclude>
    <ClInclude Include="fx\context.h">
      <Filter>Header Files</Filter>
    </ClInclude>
    <ClInclude Include="math.h">
      <Filter>Header Files</Filter>
    </ClInclude>
    <ClInclude Include="tools.h">
      <Filter>Header Files</Filter>
    </ClInclude>
    <ClInclude Include="math\simd\simd4f.h">
      <Filter>Header Files</Filter>
    </ClInclude>
    <ClInclude Include="math\simd\simd4f.scalar.h">
      <Filter>Header Files</Filter>
    </ClInclude>
    <ClInclude Include="math\simd\simd4f.sse.h">
      <Filter>Header Files</Filter>
    </ClInclude>
    <ClInclude Include="math\simd\simd4x4f.h">
      <Filter>Header Files</Filter>
    </ClInclude>
    <ClInclude Include="math\simd\simd4x4f.scalar.h">
      <Filter>Header Files</Filter>
    </ClInclude>
    <ClInclude Include="math\simd\simd4x4f.sse.h">
      <Filter>Header Files</Filter>
    </ClInclude>
    <ClInclude Include="math\simd\stdafx.h">
      <Filter>Header Files</Filter>
    </ClInclude>
    <ClInclude Include="math\mat.h">
      <Filter>Header Files</Filter>
    </ClInclude>
    <ClInclude Include="math\mat4x4.h">
      <Filter>Header Files</Filter>
    </ClInclude>
    <ClInclude Include="math\quat.h">
      <Filter>Header Files</Filter>
    </ClInclude>
    <ClInclude Include="math\simd.h">
      <Filter>Header Files</Filter>
    </ClInclude>
    <ClInclude Include="math\stdafx.h">
      <Filter>Header Files</Filter>
    </ClInclude>
    <ClInclude Include="math\vec.h">
      <Filter>Header Files</Filter>
    </ClInclude>
    <ClInclude Include="math\vec3.h">
      <Filter>Header Files</Filter>
    </ClInclude>
    <ClInclude Include="math\vec4.h">
      <Filter>Header Files</Filter>
    </ClInclude>
    <ClInclude Include="fx\stdafx.h">
      <Filter>Header Files</Filter>
    </ClInclude>
    <ClInclude Include="logging.h">
      <Filter>Header Files</Filter>
    </ClInclude>
    <ClInclude Include="fx\spritebatch.h">
      <Filter>Header Files</Filter>
    </ClInclude>
    <ClInclude Include="EngineException.h">
      <Filter>Header Files</Filter>
    </ClInclude>
    <ClInclude Include="fx\streamingbufferobject.h">
      <Filter>Header Files</Filter>
    </ClInclude>
    <ClInclude Include="fx\shaders.h">
      <Filter>Header Files</Filter>
    </ClInclude>
  </ItemGroup>
  <ItemGroup>
    <ClCompile Include="stdafx.cpp">
      <Filter>Source Files</Filter>
    </ClCompile>
    <ClCompile Include="fx\context.cpp">
      <Filter>Source Files</Filter>
    </ClCompile>
    <ClCompile Include="engineexception.cpp">
      <Filter>Source Files</Filter>
    </ClCompile>
    <ClCompile Include="fx\spritebatch.cpp">
      <Filter>Source Files</Filter>
    </ClCompile>
    <ClCompile Include="fx\streamingbufferobject.cpp">
      <Filter>Source Files</Filter>
    </ClCompile>
    <ClCompile Include="fx\shaders.cpp">
      <Filter>Source Files</Filter>
    </ClCompile>
  </ItemGroup>
  <ItemGroup>
    <None Include="shaders\simplevertexshader.vertexshader" />
    <None Include="shaders\simplefragmentshader.fragmentshader" />
  </ItemGroup>
</Project>